
Microsoft Visual Studio Solution File, Format Version 12.00
# Visual Studio Version 17
VisualStudioVersion = 17.1.32328.378
MinimumVisualStudioVersion = 10.0.40219.1
Project("{FAE04EC0-301F-11D3-BF4B-00C04F79EFBC}") = "beecrowd soma simples", "beecrowd soma simples\beecrowd soma simples.csproj", "{7EFBDC1F-1366-43B2-B7AC-D59CBBAD6853}"
EndProject
Global
	GlobalSection(SolutionConfigurationPlatforms) = preSolution
		Debug|Any CPU = Debug|Any CPU
		Release|Any CPU = Release|Any CPU
	EndGlobalSection
	GlobalSection(ProjectConfigurationPlatforms) = postSolution
		{7EFBDC1F-1366-43B2-B7AC-D59CBBAD6853}.Debug|Any CPU.ActiveCfg = Debug|Any CPU
		{7EFBDC1F-1366-43B2-B7AC-D59CBBAD6853}.Debug|Any CPU.Build.0 = Debug|Any CPU
		{7EFBDC1F-1366-43B2-B7AC-D59CBBAD6853}.Release|Any CPU.ActiveCfg = Release|Any CPU
		{7EFBDC1F-1366-43B2-B7AC-D59CBBAD6853}.Release|Any CPU.Build.0 = Release|Any CPU
	EndGlobalSection
	GlobalSection(SolutionProperties) = preSolution
		HideSolutionNode = FALSE
	EndGlobalSection
	GlobalSection(ExtensibilityGlobals) = postSolution
		SolutionGuid = {5DEE4E87-E598-4328-9336-217B6CEED323}
	EndGlobalSection
EndGlobal
